
Microsoft Visual Studio Solution File, Format Version 12.00
Project("{FAE04EC0-301F-11D3-BF4B-00C04F79EFBC}") = "PuzzleSolver.Core", "PuzzleSolver.Core\PuzzleSolver.Core.csproj", "{CA47E103-94FD-44BD-97C4-5814A54714CA}"
EndProject
Project("{FAE04EC0-301F-11D3-BF4B-00C04F79EFBC}") = "AoC2021", "AoC2021\AoC2021.csproj", "{180DE0D5-9873-418E-9EC0-5061A99F0E55}"
EndProject
Project("{FAE04EC0-301F-11D3-BF4B-00C04F79EFBC}") = "AoC2022", "AoC2022\AoC2022.csproj", "{E17985D4-0883-4241-96C7-72E014F20BDB}"
EndProject
Project("{FAE04EC0-301F-11D3-BF4B-00C04F79EFBC}") = "PuzzleSolver.Core.Tests", "PuzzleSolver.Core.Tests\PuzzleSolver.Core.Tests.csproj", "{41443B31-FB5A-44BA-AAD2-B8DE16912E74}"
EndProject
Project("{2150E333-8FDC-42A3-9474-1A3956D46DE8}") = "Solution Items", "Solution Items", "{0EE6BFD4-6F75-4EAA-959F-25ADED517594}"
	ProjectSection(SolutionItems) = preProject
		Directory.Build.Props = Directory.Build.Props
		Directory.Packages.props = Directory.Packages.props
		nuget.config = nuget.config
	EndProjectSection
EndProject
Global
	GlobalSection(SolutionConfigurationPlatforms) = preSolution
		Debug|Any CPU = Debug|Any CPU
		Release|Any CPU = Release|Any CPU
		Benchmark|Any CPU = Benchmark|Any CPU
	EndGlobalSection
	GlobalSection(ProjectConfigurationPlatforms) = postSolution
		{CA47E103-94FD-44BD-97C4-5814A54714CA}.Debug|Any CPU.ActiveCfg = Debug|Any CPU
		{CA47E103-94FD-44BD-97C4-5814A54714CA}.Debug|Any CPU.Build.0 = Debug|Any CPU
		{CA47E103-94FD-44BD-97C4-5814A54714CA}.Release|Any CPU.ActiveCfg = Release|Any CPU
		{CA47E103-94FD-44BD-97C4-5814A54714CA}.Release|Any CPU.Build.0 = Release|Any CPU
		{CA47E103-94FD-44BD-97C4-5814A54714CA}.Benchmark|Any CPU.ActiveCfg = Release|Any CPU
		{CA47E103-94FD-44BD-97C4-5814A54714CA}.Benchmark|Any CPU.Build.0 = Release|Any CPU
		{180DE0D5-9873-418E-9EC0-5061A99F0E55}.Debug|Any CPU.ActiveCfg = Debug|Any CPU
		{180DE0D5-9873-418E-9EC0-5061A99F0E55}.Debug|Any CPU.Build.0 = Debug|Any CPU
		{180DE0D5-9873-418E-9EC0-5061A99F0E55}.Release|Any CPU.ActiveCfg = Release|Any CPU
		{180DE0D5-9873-418E-9EC0-5061A99F0E55}.Release|Any CPU.Build.0 = Release|Any CPU
		{180DE0D5-9873-418E-9EC0-5061A99F0E55}.Benchmark|Any CPU.ActiveCfg = Benchmark|Any CPU
		{180DE0D5-9873-418E-9EC0-5061A99F0E55}.Benchmark|Any CPU.Build.0 = Benchmark|Any CPU
		{E17985D4-0883-4241-96C7-72E014F20BDB}.Debug|Any CPU.ActiveCfg = Debug|Any CPU
		{E17985D4-0883-4241-96C7-72E014F20BDB}.Debug|Any CPU.Build.0 = Debug|Any CPU
		{E17985D4-0883-4241-96C7-72E014F20BDB}.Release|Any CPU.ActiveCfg = Release|Any CPU
		{E17985D4-0883-4241-96C7-72E014F20BDB}.Release|Any CPU.Build.0 = Release|Any CPU
		{E17985D4-0883-4241-96C7-72E014F20BDB}.Benchmark|Any CPU.ActiveCfg = Debug|Any CPU
		{E17985D4-0883-4241-96C7-72E014F20BDB}.Benchmark|Any CPU.Build.0 = Debug|Any CPU
		{41443B31-FB5A-44BA-AAD2-B8DE16912E74}.Debug|Any CPU.ActiveCfg = Debug|Any CPU
		{41443B31-FB5A-44BA-AAD2-B8DE16912E74}.Debug|Any CPU.Build.0 = Debug|Any CPU
		{41443B31-FB5A-44BA-AAD2-B8DE16912E74}.Release|Any CPU.ActiveCfg = Release|Any CPU
		{41443B31-FB5A-44BA-AAD2-B8DE16912E74}.Release|Any CPU.Build.0 = Release|Any CPU
		{41443B31-FB5A-44BA-AAD2-B8DE16912E74}.Benchmark|Any CPU.ActiveCfg = Debug|Any CPU
		{41443B31-FB5A-44BA-AAD2-B8DE16912E74}.Benchmark|Any CPU.Build.0 = Debug|Any CPU
	EndGlobalSection
EndGlobal
